
Microsoft Visual Studio Solution File, Format Version 12.00
# Visual Studio Version 17
VisualStudioVersion = 17.9.34622.214
MinimumVisualStudioVersion = 10.0.40219.1
Project("{FAE04EC0-301F-11D3-BF4B-00C04F79EFBC}") = "LeetCode Day1", "LeetCode Day1\LeetCode Day1.csproj", "{EB1583AA-CBCA-4398-9462-A06DF8BBF38D}"
EndProject
Global
	GlobalSection(SolutionConfigurationPlatforms) = preSolution
		Debug|Any CPU = Debug|Any CPU
		Release|Any CPU = Release|Any CPU
	EndGlobalSection
	GlobalSection(ProjectConfigurationPlatforms) = postSolution
		{EB1583AA-CBCA-4398-9462-A06DF8BBF38D}.Debug|Any CPU.ActiveCfg = Debug|Any CPU
		{EB1583AA-CBCA-4398-9462-A06DF8BBF38D}.Debug|Any CPU.Build.0 = Debug|Any CPU
		{EB1583AA-CBCA-4398-9462-A06DF8BBF38D}.Release|Any CPU.ActiveCfg = Release|Any CPU
		{EB1583AA-CBCA-4398-9462-A06DF8BBF38D}.Release|Any CPU.Build.0 = Release|Any CPU
	EndGlobalSection
	GlobalSection(SolutionProperties) = preSolution
		HideSolutionNode = FALSE
	EndGlobalSection
	GlobalSection(ExtensibilityGlobals) = postSolution
		SolutionGuid = {381867DE-7A73-40F0-9ACA-C3795C6A72CA}
	EndGlobalSection
EndGlobal
